
Microsoft Visual Studio Solution File, Format Version 12.00
# Visual Studio Version 17
VisualStudioVersion = 17.11.35303.130
MinimumVisualStudioVersion = 10.0.40219.1
Project("{FAE04EC0-301F-11D3-BF4B-00C04F79EFBC}") = "MeteoSat Stats", "MeteoSat Stats\MeteoSat Stats.csproj", "{F602E3E2-317E-46DE-8C1A-8FF12C2FF6DF}"
EndProject
Project("{FAE04EC0-301F-11D3-BF4B-00C04F79EFBC}") = "NetDock", "NetDock\NetDock.csproj", "{2383CA39-9BB0-4286-BBA9-B8799479AF6A}"
EndProject
Global
	GlobalSection(SolutionConfigurationPlatforms) = preSolution
		Debug|Any CPU = Debug|Any CPU
		Release|Any CPU = Release|Any CPU
	EndGlobalSection
	GlobalSection(ProjectConfigurationPlatforms) = postSolution
		{F602E3E2-317E-46DE-8C1A-8FF12C2FF6DF}.Debug|Any CPU.ActiveCfg = Debug|Any CPU
		{F602E3E2-317E-46DE-8C1A-8FF12C2FF6DF}.Debug|Any CPU.Build.0 = Debug|Any CPU
		{F602E3E2-317E-46DE-8C1A-8FF12C2FF6DF}.Release|Any CPU.ActiveCfg = Release|Any CPU
		{F602E3E2-317E-46DE-8C1A-8FF12C2FF6DF}.Release|Any CPU.Build.0 = Release|Any CPU
		{2383CA39-9BB0-4286-BBA9-B8799479AF6A}.Debug|Any CPU.ActiveCfg = Debug|Any CPU
		{2383CA39-9BB0-4286-BBA9-B8799479AF6A}.Debug|Any CPU.Build.0 = Debug|Any CPU
		{2383CA39-9BB0-4286-BBA9-B8799479AF6A}.Release|Any CPU.ActiveCfg = Release|Any CPU
		{2383CA39-9BB0-4286-BBA9-B8799479AF6A}.Release|Any CPU.Build.0 = Release|Any CPU
	EndGlobalSection
	GlobalSection(SolutionProperties) = preSolution
		HideSolutionNode = FALSE
	EndGlobalSection
	GlobalSection(ExtensibilityGlobals) = postSolution
		SolutionGuid = {83058DB7-9799-4D59-B8D0-8E0C3AD5982D}
	EndGlobalSection
EndGlobal
